// !$*UTF8*$!
{
	archiveVersion = 1;
	classes = {
	};
	objectVersion = 55;
	objects = {

/* Begin PBXBuildFile section */
		8935D8BA289D968300C29EFE /* AppDelegate.swift in Sources */ = {isa = PBXBuildFile; fileRef = 8935D8B9289D968300C29EFE /* AppDelegate.swift */; };
		8935D8BC289D968300C29EFE /* SceneDelegate.swift in Sources */ = {isa = PBXBuildFile; fileRef = 8935D8BB289D968300C29EFE /* SceneDelegate.swift */; };
		8935D8C3289D968300C29EFE /* Assets.xcassets in Resources */ = {isa = PBXBuildFile; fileRef = 8935D8C2289D968300C29EFE /* Assets.xcassets */; };
		8935D8C6289D968300C29EFE /* LaunchScreen.storyboard in Resources */ = {isa = PBXBuildFile; fileRef = 8935D8C4289D968300C29EFE /* LaunchScreen.storyboard */; };
		8935D8EE28A17EA000C29EFE /* MainDependencyProvider.swift in Sources */ = {isa = PBXBuildFile; fileRef = 8935D8ED28A17EA000C29EFE /* MainDependencyProvider.swift */; };
		8935D8F228A4615A00C29EFE /* RestaurantsFeature in Frameworks */ = {isa = PBXBuildFile; productRef = 8935D8F128A4615A00C29EFE /* RestaurantsFeature */; };
		8935D8F628A4647100C29EFE /* AppDelegate.swift in Sources */ = {isa = PBXBuildFile; fileRef = 8935D8B9289D968300C29EFE /* AppDelegate.swift */; };
		8935D8F728A4647100C29EFE /* MainDependencyProvider.swift in Sources */ = {isa = PBXBuildFile; fileRef = 8935D8ED28A17EA000C29EFE /* MainDependencyProvider.swift */; };
		8935D8F828A4647100C29EFE /* SceneDelegate.swift in Sources */ = {isa = PBXBuildFile; fileRef = 8935D8BB289D968300C29EFE /* SceneDelegate.swift */; };
		8935D8FA28A4647100C29EFE /* RestaurantsFeature in Frameworks */ = {isa = PBXBuildFile; productRef = 8935D8F428A4647100C29EFE /* RestaurantsFeature */; };
		8935D8FC28A4647100C29EFE /* LaunchScreen.storyboard in Resources */ = {isa = PBXBuildFile; fileRef = 8935D8C4289D968300C29EFE /* LaunchScreen.storyboard */; };
		8935D8FD28A4647100C29EFE /* Assets.xcassets in Resources */ = {isa = PBXBuildFile; fileRef = 8935D8C2289D968300C29EFE /* Assets.xcassets */; };
/* End PBXBuildFile section */

/* Begin PBXFileReference section */
		8935D8B6289D968300C29EFE /* Restaurant-Prototype.app */ = {isa = PBXFileReference; explicitFileType = wrapper.application; includeInIndex = 0; path = "Restaurant-Prototype.app"; sourceTree = BUILT_PRODUCTS_DIR; };
		8935D8B9289D968300C29EFE /* AppDelegate.swift */ = {isa = PBXFileReference; lastKnownFileType = sourcecode.swift; path = AppDelegate.swift; sourceTree = "<group>"; };
		8935D8BB289D968300C29EFE /* SceneDelegate.swift */ = {isa = PBXFileReference; lastKnownFileType = sourcecode.swift; path = SceneDelegate.swift; sourceTree = "<group>"; };
		8935D8C2289D968300C29EFE /* Assets.xcassets */ = {isa = PBXFileReference; lastKnownFileType = folder.assetcatalog; path = Assets.xcassets; sourceTree = "<group>"; };
		8935D8C5289D968300C29EFE /* Base */ = {isa = PBXFileReference; lastKnownFileType = file.storyboard; name = Base; path = Base.lproj/LaunchScreen.storyboard; sourceTree = "<group>"; };
		8935D8C7289D968300C29EFE /* Info.plist */ = {isa = PBXFileReference; lastKnownFileType = text.plist.xml; path = Info.plist; sourceTree = "<group>"; };
		8935D8E9289D98F100C29EFE /* RestaurantsFeature */ = {isa = PBXFileReference; lastKnownFileType = wrapper; path = RestaurantsFeature; sourceTree = "<group>"; };
		8935D8ED28A17EA000C29EFE /* MainDependencyProvider.swift */ = {isa = PBXFileReference; lastKnownFileType = sourcecode.swift; path = MainDependencyProvider.swift; sourceTree = "<group>"; };
		8935D90128A4647100C29EFE /* Restaurant-Prototype-CollectionView.app */ = {isa = PBXFileReference; explicitFileType = wrapper.application; includeInIndex = 0; path = "Restaurant-Prototype-CollectionView.app"; sourceTree = BUILT_PRODUCTS_DIR; };
/* End PBXFileReference section */

/* Begin PBXFrameworksBuildPhase section */
		8935D8B3289D968300C29EFE /* Frameworks */ = {
			isa = PBXFrameworksBuildPhase;
			buildActionMask = 2147483647;
			files = (
				8935D8F228A4615A00C29EFE /* RestaurantsFeature in Frameworks */,
			);
			runOnlyForDeploymentPostprocessing = 0;
		};
		8935D8F928A4647100C29EFE /* Frameworks */ = {
			isa = PBXFrameworksBuildPhase;
			buildActionMask = 2147483647;
			files = (
				8935D8FA28A4647100C29EFE /* RestaurantsFeature in Frameworks */,
			);
			runOnlyForDeploymentPostprocessing = 0;
		};
/* End PBXFrameworksBuildPhase section */

/* Begin PBXGroup section */
		8935D8AD289D968300C29EFE = {
			isa = PBXGroup;
			children = (
				8935D8E9289D98F100C29EFE /* RestaurantsFeature */,
				8935D8B8289D968300C29EFE /* Restaurant-Prototype */,
				8935D8B7289D968300C29EFE /* Products */,
				8935D8EA289D9EB500C29EFE /* Frameworks */,
			);
			sourceTree = "<group>";
		};
		8935D8B7289D968300C29EFE /* Products */ = {
			isa = PBXGroup;
			children = (
				8935D8B6289D968300C29EFE /* Restaurant-Prototype.app */,
				8935D90128A4647100C29EFE /* Restaurant-Prototype-CollectionView.app */,
			);
			name = Products;
			sourceTree = "<group>";
		};
		8935D8B8289D968300C29EFE /* Restaurant-Prototype */ = {
			isa = PBXGroup;
			children = (
				8935D8B9289D968300C29EFE /* AppDelegate.swift */,
				8935D8BB289D968300C29EFE /* SceneDelegate.swift */,
				8935D8ED28A17EA000C29EFE /* MainDependencyProvider.swift */,
				8935D8C2289D968300C29EFE /* Assets.xcassets */,
				8935D8C4289D968300C29EFE /* LaunchScreen.storyboard */,
				8935D8C7289D968300C29EFE /* Info.plist */,
			);
			path = "Restaurant-Prototype";
			sourceTree = "<group>";
		};
		8935D8EA289D9EB500C29EFE /* Frameworks */ = {
			isa = PBXGroup;
			children = (
			);
			name = Frameworks;
			sourceTree = "<group>";
		};
/* End PBXGroup section */

/* Begin PBXNativeTarget section */
		8935D8B5289D968300C29EFE /* Restaurant-Prototype */ = {
			isa = PBXNativeTarget;
			buildConfigurationList = 8935D8E0289D968400C29EFE /* Build configuration list for PBXNativeTarget "Restaurant-Prototype" */;
			buildPhases = (
				8935D8B2289D968300C29EFE /* Sources */,
				8935D8B3289D968300C29EFE /* Frameworks */,
				8935D8B4289D968300C29EFE /* Resources */,
			);
			buildRules = (
			);
			dependencies = (
			);
			name = "Restaurant-Prototype";
			packageProductDependencies = (
				8935D8F128A4615A00C29EFE /* RestaurantsFeature */,
			);
			productName = "Restaurant-Prototype";
			productReference = 8935D8B6289D968300C29EFE /* Restaurant-Prototype.app */;
			productType = "com.apple.product-type.application";
		};
		8935D8F328A4647100C29EFE /* Restaurant-Prototype-CollectionView */ = {
			isa = PBXNativeTarget;
			buildConfigurationList = 8935D8FE28A4647100C29EFE /* Build configuration list for PBXNativeTarget "Restaurant-Prototype-CollectionView" */;
			buildPhases = (
				8935D8F528A4647100C29EFE /* Sources */,
				8935D8F928A4647100C29EFE /* Frameworks */,
				8935D8FB28A4647100C29EFE /* Resources */,
			);
			buildRules = (
			);
			dependencies = (
			);
			name = "Restaurant-Prototype-CollectionView";
			packageProductDependencies = (
				8935D8F428A4647100C29EFE /* RestaurantsFeature */,
			);
			productName = "Restaurant-Prototype";
			productReference = 8935D90128A4647100C29EFE /* Restaurant-Prototype-CollectionView.app */;
			productType = "com.apple.product-type.application";
		};
/* End PBXNativeTarget section */

/* Begin PBXProject section */
		8935D8AE289D968300C29EFE /* Project object */ = {
			isa = PBXProject;
			attributes = {
				BuildIndependentTargetsInParallel = 1;
				LastSwiftUpdateCheck = 1340;
				LastUpgradeCheck = 1340;
				TargetAttributes = {
					8935D8B5289D968300C29EFE = {
						CreatedOnToolsVersion = 13.4.1;
					};
				};
			};
			buildConfigurationList = 8935D8B1289D968300C29EFE /* Build configuration list for PBXProject "Restaurant-Prototype" */;
			compatibilityVersion = "Xcode 13.0";
			developmentRegion = en;
			hasScannedForEncodings = 0;
			knownRegions = (
				en,
				Base,
			);
			mainGroup = 8935D8AD289D968300C29EFE;
			productRefGroup = 8935D8B7289D968300C29EFE /* Products */;
			projectDirPath = "";
			projectRoot = "";
			targets = (
				8935D8B5289D968300C29EFE /* Restaurant-Prototype */,
				8935D8F328A4647100C29EFE /* Restaurant-Prototype-CollectionView */,
			);
		};
/* End PBXProject section */

/* Begin PBXResourcesBuildPhase section */
		8935D8B4289D968300C29EFE /* Resources */ = {
			isa = PBXResourcesBuildPhase;
			buildActionMask = 2147483647;
			files = (
				8935D8C6289D968300C29EFE /* LaunchScreen.storyboard in Resources */,
				8935D8C3289D968300C29EFE /* Assets.xcassets in Resources */,
			);
			runOnlyForDeploymentPostprocessing = 0;
		};
		8935D8FB28A4647100C29EFE /* Resources */ = {
			isa = PBXResourcesBuildPhase;
			buildActionMask = 2147483647;
			files = (
				8935D8FC28A4647100C29EFE /* LaunchScreen.storyboard in Resources */,
				8935D8FD28A4647100C29EFE /* Assets.xcassets in Resources */,
			);
			runOnlyForDeploymentPostprocessing = 0;
		};
/* End PBXResourcesBuildPhase section */

/* Begin PBXSourcesBuildPhase section */
		8935D8B2289D968300C29EFE /* Sources */ = {
			isa = PBXSourcesBuildPhase;
			buildActionMask = 2147483647;
			files = (
				8935D8BA289D968300C29EFE /* AppDelegate.swift in Sources */,
				8935D8EE28A17EA000C29EFE /* MainDependencyProvider.swift in Sources */,
				8935D8BC289D968300C29EFE /* SceneDelegate.swift in Sources */,
			);
			runOnlyForDeploymentPostprocessing = 0;
		};
		8935D8F528A4647100C29EFE /* Sources */ = {
			isa = PBXSourcesBuildPhase;
			buildActionMask = 2147483647;
			files = (
				8935D8F628A4647100C29EFE /* AppDelegate.swift in Sources */,
				8935D8F728A4647100C29EFE /* MainDependencyProvider.swift in Sources */,
				8935D8F828A4647100C29EFE /* SceneDelegate.swift in Sources */,
			);
			runOnlyForDeploymentPostprocessing = 0;
		};
/* End PBXSourcesBuildPhase section */

/* Begin PBXVariantGroup section */
		8935D8C4289D968300C29EFE /* LaunchScreen.storyboard */ = {
			isa = PBXVariantGroup;
			children = (
				8935D8C5289D968300C29EFE /* Base */,
			);
			name = LaunchScreen.storyboard;
			sourceTree = "<group>";
		};
/* End PBXVariantGroup section */

/* Begin XCBuildConfiguration section */
		8935D8DE289D968400C29EFE /* Debug */ = {
			isa = XCBuildConfiguration;
			buildSettings = {
				ALWAYS_SEARCH_USER_PATHS = NO;
				CLANG_ANALYZER_NONNULL = YES;
				CLANG_ANALYZER_NUMBER_OBJECT_CONVERSION = YES_AGGRESSIVE;
				CLANG_CXX_LANGUAGE_STANDARD = "gnu++17";
				CLANG_ENABLE_MODULES = YES;
				CLANG_ENABLE_OBJC_ARC = YES;
				CLANG_ENABLE_OBJC_WEAK = YES;
				CLANG_WARN_BLOCK_CAPTURE_AUTORELEASING = YES;
				CLANG_WARN_BOOL_CONVERSION = YES;
				CLANG_WARN_COMMA = YES;
				CLANG_WARN_CONSTANT_CONVERSION = YES;
				CLANG_WARN_DEPRECATED_OBJC_IMPLEMENTATIONS = YES;
				CLANG_WARN_DIRECT_OBJC_ISA_USAGE = YES_ERROR;
				CLANG_WARN_DOCUMENTATION_COMMENTS = YES;
				CLANG_WARN_EMPTY_BODY = YES;
				CLANG_WARN_ENUM_CONVERSION = YES;
				CLANG_WARN_INFINITE_RECURSION = YES;
				CLANG_WARN_INT_CONVERSION = YES;
				CLANG_WARN_NON_LITERAL_NULL_CONVERSION = YES;
				CLANG_WARN_OBJC_IMPLICIT_RETAIN_SELF = YES;
				CLANG_WARN_OBJC_LITERAL_CONVERSION = YES;
				CLANG_WARN_OBJC_ROOT_CLASS = YES_ERROR;
				CLANG_WARN_QUOTED_INCLUDE_IN_FRAMEWORK_HEADER = YES;
				CLANG_WARN_RANGE_LOOP_ANALYSIS = YES;
				CLANG_WARN_STRICT_PROTOTYPES = YES;
				CLANG_WARN_SUSPICIOUS_MOVE = YES;
				CLANG_WARN_UNGUARDED_AVAILABILITY = YES_AGGRESSIVE;
				CLANG_WARN_UNREACHABLE_CODE = YES;
				CLANG_WARN__DUPLICATE_METHOD_MATCH = YES;
				COPY_PHASE_STRIP = NO;
				DEBUG_INFORMATION_FORMAT = dwarf;
				ENABLE_STRICT_OBJC_MSGSEND = YES;
				ENABLE_TESTABILITY = YES;
				GCC_C_LANGUAGE_STANDARD = gnu11;
				GCC_DYNAMIC_NO_PIC = NO;
				GCC_NO_COMMON_BLOCKS = YES;
				GCC_OPTIMIZATION_LEVEL = 0;
				GCC_PREPROCESSOR_DEFINITIONS = (
					"DEBUG=1",
					"$(inherited)",
				);
				GCC_WARN_64_TO_32_BIT_CONVERSION = YES;
				GCC_WARN_ABOUT_RETURN_TYPE = YES_ERROR;
				GCC_WARN_UNDECLARED_SELECTOR = YES;
				GCC_WARN_UNINITIALIZED_AUTOS = YES_AGGRESSIVE;
				GCC_WARN_UNUSED_FUNCTION = YES;
				GCC_WARN_UNUSED_VARIABLE = YES;
				IPHONEOS_DEPLOYMENT_TARGET = 15.0;
				MTL_ENABLE_DEBUG_INFO = INCLUDE_SOURCE;
				MTL_FAST_MATH = YES;
				ONLY_ACTIVE_ARCH = YES;
				SDKROOT = iphoneos;
				SWIFT_ACTIVE_COMPILATION_CONDITIONS = DEBUG;
				SWIFT_OPTIMIZATION_LEVEL = "-Onone";
			};
			name = Debug;
		};
		8935D8DF289D968400C29EFE /* Release */ = {
			isa = XCBuildConfiguration;
			buildSettings = {
				ALWAYS_SEARCH_USER_PATHS = NO;
				CLANG_ANALYZER_NONNULL = YES;
				CLANG_ANALYZER_NUMBER_OBJECT_CONVERSION = YES_AGGRESSIVE;
				CLANG_CXX_LANGUAGE_STANDARD = "gnu++17";
				CLANG_ENABLE_MODULES = YES;
				CLANG_ENABLE_OBJC_ARC = YES;
				CLANG_ENABLE_OBJC_WEAK = YES;
				CLANG_WARN_BLOCK_CAPTURE_AUTORELEASING = YES;
				CLANG_WARN_BOOL_CONVERSION = YES;
				CLANG_WARN_COMMA = YES;
				CLANG_WARN_CONSTANT_CONVERSION = YES;
				CLANG_WARN_DEPRECATED_OBJC_IMPLEMENTATIONS = YES;
				CLANG_WARN_DIRECT_OBJC_ISA_USAGE = YES_ERROR;
				CLANG_WARN_DOCUMENTATION_COMMENTS = YES;
				CLANG_WARN_EMPTY_BODY = YES;
				CLANG_WARN_ENUM_CONVERSION = YES;
				CLANG_WARN_INFINITE_RECURSION = YES;
				CLANG_WARN_INT_CONVERSION = YES;
				CLANG_WARN_NON_LITERAL_NULL_CONVERSION = YES;
				CLANG_WARN_OBJC_IMPLICIT_RETAIN_SELF = YES;
				CLANG_WARN_OBJC_LITERAL_CONVERSION = YES;
				CLANG_WARN_OBJC_ROOT_CLASS = YES_ERROR;
				CLANG_WARN_QUOTED_INCLUDE_IN_FRAMEWORK_HEADER = YES;
				CLANG_WARN_RANGE_LOOP_ANALYSIS = YES;
				CLANG_WARN_STRICT_PROTOTYPES = YES;
				CLANG_WARN_SUSPICIOUS_MOVE = YES;
				CLANG_WARN_UNGUARDED_AVAILABILITY = YES_AGGRESSIVE;
				CLANG_WARN_UNREACHABLE_CODE = YES;
				CLANG_WARN__DUPLICATE_METHOD_MATCH = YES;
				COPY_PHASE_STRIP = NO;
				DEBUG_INFORMATION_FORMAT = "dwarf-with-dsym";
				ENABLE_NS_ASSERTIONS = NO;
				ENABLE_STRICT_OBJC_MSGSEND = YES;
				GCC_C_LANGUAGE_STANDARD = gnu11;
				GCC_NO_COMMON_BLOCKS = YES;
				GCC_WARN_64_TO_32_BIT_CONVERSION = YES;
				GCC_WARN_ABOUT_RETURN_TYPE = YES_ERROR;
				GCC_WARN_UNDECLARED_SELECTOR = YES;
				GCC_WARN_UNINITIALIZED_AUTOS = YES_AGGRESSIVE;
				GCC_WARN_UNUSED_FUNCTION = YES;
				GCC_WARN_UNUSED_VARIABLE = YES;
				IPHONEOS_DEPLOYMENT_TARGET = 15.0;
				MTL_ENABLE_DEBUG_INFO = NO;
				MTL_FAST_MATH = YES;
				SDKROOT = iphoneos;
				SWIFT_COMPILATION_MODE = wholemodule;
				SWIFT_OPTIMIZATION_LEVEL = "-O";
				VALIDATE_PRODUCT = YES;
			};
			name = Release;
		};
		8935D8E1289D968400C29EFE /* Debug */ = {
			isa = XCBuildConfiguration;
			buildSettings = {
				ASSETCATALOG_COMPILER_APPICON_NAME = AppIcon;
				ASSETCATALOG_COMPILER_GLOBAL_ACCENT_COLOR_NAME = AccentColor;
				CODE_SIGN_STYLE = Automatic;
				CURRENT_PROJECT_VERSION = 1;
				DEVELOPMENT_TEAM = BD8XWFD59A;
				GENERATE_INFOPLIST_FILE = YES;
				INFOPLIST_FILE = "Restaurant-Prototype/Info.plist";
				INFOPLIST_KEY_CFBundleDisplayName = "Restaurant-Prototype";
				INFOPLIST_KEY_UIApplicationSupportsIndirectInputEvents = YES;
				INFOPLIST_KEY_UILaunchStoryboardName = LaunchScreen;
				INFOPLIST_KEY_UISupportedInterfaceOrientations = UIInterfaceOrientationPortrait;
				INFOPLIST_KEY_UISupportedInterfaceOrientations_iPad = UIInterfaceOrientationPortrait;
				INFOPLIST_KEY_UISupportedInterfaceOrientations_iPhone = UIInterfaceOrientationPortrait;
				IPHONEOS_DEPLOYMENT_TARGET = 15.0;
				LD_RUNPATH_SEARCH_PATHS = (
					"$(inherited)",
					"@executable_path/Frameworks",
				);
				MARKETING_VERSION = 1.0;
				PRODUCT_BUNDLE_IDENTIFIER = "sa.alrabiah.Restaurant-Prototype";
				PRODUCT_NAME = "$(TARGET_NAME)";
				SWIFT_EMIT_LOC_STRINGS = YES;
				SWIFT_VERSION = 5.0;
				TARGETED_DEVICE_FAMILY = "1,2";
			};
			name = Debug;
		};
		8935D8E2289D968400C29EFE /* Release */ = {
			isa = XCBuildConfiguration;
			buildSettings = {
				ASSETCATALOG_COMPILER_APPICON_NAME = AppIcon;
				ASSETCATALOG_COMPILER_GLOBAL_ACCENT_COLOR_NAME = AccentColor;
				CODE_SIGN_STYLE = Automatic;
				CURRENT_PROJECT_VERSION = 1;
				DEVELOPMENT_TEAM = BD8XWFD59A;
				GENERATE_INFOPLIST_FILE = YES;
				INFOPLIST_FILE = "Restaurant-Prototype/Info.plist";
				INFOPLIST_KEY_CFBundleDisplayName = "Restaurant-Prototype";
				INFOPLIST_KEY_UIApplicationSupportsIndirectInputEvents = YES;
				INFOPLIST_KEY_UILaunchStoryboardName = LaunchScreen;
				INFOPLIST_KEY_UISupportedInterfaceOrientations = UIInterfaceOrientationPortrait;
				INFOPLIST_KEY_UISupportedInterfaceOrientations_iPad = UIInterfaceOrientationPortrait;
				INFOPLIST_KEY_UISupportedInterfaceOrientations_iPhone = UIInterfaceOrientationPortrait;
				IPHONEOS_DEPLOYMENT_TARGET = 15.0;
				LD_RUNPATH_SEARCH_PATHS = (
					"$(inherited)",
					"@executable_path/Frameworks",
				);
				MARKETING_VERSION = 1.0;
				PRODUCT_BUNDLE_IDENTIFIER = "sa.alrabiah.Restaurant-Prototype";
				PRODUCT_NAME = "$(TARGET_NAME)";
				SWIFT_EMIT_LOC_STRINGS = YES;
				SWIFT_VERSION = 5.0;
				TARGETED_DEVICE_FAMILY = "1,2";
			};
			name = Release;
		};
		8935D8FF28A4647100C29EFE /* Debug */ = {
			isa = XCBuildConfiguration;
			buildSettings = {
				ASSETCATALOG_COMPILER_APPICON_NAME = AppIcon;
				ASSETCATALOG_COMPILER_GLOBAL_ACCENT_COLOR_NAME = AccentColor;
				CODE_SIGN_STYLE = Automatic;
				CURRENT_PROJECT_VERSION = 1;
				DEVELOPMENT_TEAM = BD8XWFD59A;
				GENERATE_INFOPLIST_FILE = YES;
				INFOPLIST_FILE = "Restaurant-Prototype/Info.plist";
				INFOPLIST_KEY_CFBundleDisplayName = "Restaurant-Prototype";
				INFOPLIST_KEY_UIApplicationSupportsIndirectInputEvents = YES;
				INFOPLIST_KEY_UILaunchStoryboardName = LaunchScreen;
				INFOPLIST_KEY_UISupportedInterfaceOrientations = UIInterfaceOrientationPortrait;
				INFOPLIST_KEY_UISupportedInterfaceOrientations_iPad = UIInterfaceOrientationPortrait;
				INFOPLIST_KEY_UISupportedInterfaceOrientations_iPhone = UIInterfaceOrientationPortrait;
				IPHONEOS_DEPLOYMENT_TARGET = 15.0;
				LD_RUNPATH_SEARCH_PATHS = (
					"$(inherited)",
					"@executable_path/Frameworks",
				);
				MARKETING_VERSION = 1.0;
				PRODUCT_BUNDLE_IDENTIFIER = "sa.alrabiah.Restaurant-Prototype";
				PRODUCT_NAME = "$(TARGET_NAME)";
				SWIFT_ACTIVE_COMPILATION_CONDITIONS = "COLLECTION_VIEW DEBUG";
				SWIFT_EMIT_LOC_STRINGS = YES;
				SWIFT_VERSION = 5.0;
				TARGETED_DEVICE_FAMILY = "1,2";
			};
			name = Debug;
		};
		8935D90028A4647100C29EFE /* Release */ = {
			isa = XCBuildConfiguration;
			buildSettings = {
				ASSETCATALOG_COMPILER_APPICON_NAME = AppIcon;
				ASSETCATALOG_COMPILER_GLOBAL_ACCENT_COLOR_NAME = AccentColor;
				CODE_SIGN_STYLE = Automatic;
				CURRENT_PROJECT_VERSION = 1;
				DEVELOPMENT_TEAM = BD8XWFD59A;
				GENERATE_INFOPLIST_FILE = YES;
				INFOPLIST_FILE = "Restaurant-Prototype/Info.plist";
				INFOPLIST_KEY_CFBundleDisplayName = "Restaurant-Prototype";
				INFOPLIST_KEY_UIApplicationSupportsIndirectInputEvents = YES;
				INFOPLIST_KEY_UILaunchStoryboardName = LaunchScreen;
				INFOPLIST_KEY_UISupportedInterfaceOrientations = UIInterfaceOrientationPortrait;
				INFOPLIST_KEY_UISupportedInterfaceOrientations_iPad = UIInterfaceOrientationPortrait;
				INFOPLIST_KEY_UISupportedInterfaceOrientations_iPhone = UIInterfaceOrientationPortrait;
				IPHONEOS_DEPLOYMENT_TARGET = 15.0;
				LD_RUNPATH_SEARCH_PATHS = (
					"$(inherited)",
					"@executable_path/Frameworks",
				);
				MARKETING_VERSION = 1.0;
				PRODUCT_BUNDLE_IDENTIFIER = "sa.alrabiah.Restaurant-Prototype";
				PRODUCT_NAME = "$(TARGET_NAME)";
				SWIFT_ACTIVE_COMPILATION_CONDITIONS = COLLECTION_VIEW;
				SWIFT_EMIT_LOC_STRINGS = YES;
				SWIFT_VERSION = 5.0;
				TARGETED_DEVICE_FAMILY = "1,2";
			};
			name = Release;
		};
/* End XCBuildConfiguration section */

/* Begin XCConfigurationList section */
		8935D8B1289D968300C29EFE /* Build configuration list for PBXProject "Restaurant-Prototype" */ = {
			isa = XCConfigurationList;
			buildConfigurations = (
				8935D8DE289D968400C29EFE /* Debug */,
				8935D8DF289D968400C29EFE /* Release */,
			);
			defaultConfigurationIsVisible = 0;
			defaultConfigurationName = Release;
		};
		8935D8E0289D968400C29EFE /* Build configuration list for PBXNativeTarget "Restaurant-Prototype" */ = {
			isa = XCConfigurationList;
			buildConfigurations = (
				8935D8E1289D968400C29EFE /* Debug */,
				8935D8E2289D968400C29EFE /* Release */,
			);
			defaultConfigurationIsVisible = 0;
			defaultConfigurationName = Release;
		};
		8935D8FE28A4647100C29EFE /* Build configuration list for PBXNativeTarget "Restaurant-Prototype-CollectionView" */ = {
			isa = XCConfigurationList;
			buildConfigurations = (
				8935D8FF28A4647100C29EFE /* Debug */,
				8935D90028A4647100C29EFE /* Release */,
			);
			defaultConfigurationIsVisible = 0;
			defaultConfigurationName = Release;
		};
/* End XCConfigurationList section */

/* Begin XCSwiftPackageProductDependency section */
		8935D8F128A4615A00C29EFE /* RestaurantsFeature */ = {
			isa = XCSwiftPackageProductDependency;
			productName = RestaurantsFeature;
		};
		8935D8F428A4647100C29EFE /* RestaurantsFeature */ = {
			isa = XCSwiftPackageProductDependency;
			productName = RestaurantsFeature;
		};
/* End XCSwiftPackageProductDependency section */
	};
	rootObject = 8935D8AE289D968300C29EFE /* Project object */;
}
